
Microsoft Visual Studio Solution File, Format Version 12.00
# Visual Studio Version 17
VisualStudioVersion = 17.0.31903.59
MinimumVisualStudioVersion = 10.0.40219.1
Project("{FAE04EC0-301F-11D3-BF4B-00C04F79EFBC}") = "Proje1", "Proje1\Proje1.csproj", "{4D3A7482-99D7-4D96-B087-B29ECC844B77}"
EndProject
Project("{FAE04EC0-301F-11D3-BF4B-00C04F79EFBC}") = "Proje2", "Proje2\Proje2.csproj", "{B42A3F75-8076-421B-8EDD-A91DFD8DADE2}"
EndProject
Project("{FAE04EC0-301F-11D3-BF4B-00C04F79EFBC}") = "Proje3", "Proje3\Proje3.csproj", "{5FF91619-2B86-4BC2-BFEF-B29C350A1D61}"
EndProject
Project("{FAE04EC0-301F-11D3-BF4B-00C04F79EFBC}") = "Proje4", "Proje4\Proje4.csproj", "{BD8E395A-3740-45F4-ABF2-C23A05DDA789}"
EndProject
Project("{FAE04EC0-301F-11D3-BF4B-00C04F79EFBC}") = "Proje5", "Proje5\Proje5.csproj", "{8B7C1652-BD75-4B92-8C55-1CA380F68DAA}"
EndProject
Global
	GlobalSection(SolutionConfigurationPlatforms) = preSolution
		Debug|Any CPU = Debug|Any CPU
		Debug|x64 = Debug|x64
		Debug|x86 = Debug|x86
		Release|Any CPU = Release|Any CPU
		Release|x64 = Release|x64
		Release|x86 = Release|x86
	EndGlobalSection
	GlobalSection(ProjectConfigurationPlatforms) = postSolution
		{4D3A7482-99D7-4D96-B087-B29ECC844B77}.Debug|Any CPU.ActiveCfg = Debug|Any CPU
		{4D3A7482-99D7-4D96-B087-B29ECC844B77}.Debug|Any CPU.Build.0 = Debug|Any CPU
		{4D3A7482-99D7-4D96-B087-B29ECC844B77}.Debug|x64.ActiveCfg = Debug|Any CPU
		{4D3A7482-99D7-4D96-B087-B29ECC844B77}.Debug|x64.Build.0 = Debug|Any CPU
		{4D3A7482-99D7-4D96-B087-B29ECC844B77}.Debug|x86.ActiveCfg = Debug|Any CPU
		{4D3A7482-99D7-4D96-B087-B29ECC844B77}.Debug|x86.Build.0 = Debug|Any CPU
		{4D3A7482-99D7-4D96-B087-B29ECC844B77}.Release|Any CPU.ActiveCfg = Release|Any CPU
		{4D3A7482-99D7-4D96-B087-B29ECC844B77}.Release|Any CPU.Build.0 = Release|Any CPU
		{4D3A7482-99D7-4D96-B087-B29ECC844B77}.Release|x64.ActiveCfg = Release|Any CPU
		{4D3A7482-99D7-4D96-B087-B29ECC844B77}.Release|x64.Build.0 = Release|Any CPU
		{4D3A7482-99D7-4D96-B087-B29ECC844B77}.Release|x86.ActiveCfg = Release|Any CPU
		{4D3A7482-99D7-4D96-B087-B29ECC844B77}.Release|x86.Build.0 = Release|Any CPU
		{B42A3F75-8076-421B-8EDD-A91DFD8DADE2}.Debug|Any CPU.ActiveCfg = Debug|Any CPU
		{B42A3F75-8076-421B-8EDD-A91DFD8DADE2}.Debug|Any CPU.Build.0 = Debug|Any CPU
		{B42A3F75-8076-421B-8EDD-A91DFD8DADE2}.Debug|x64.ActiveCfg = Debug|Any CPU
		{B42A3F75-8076-421B-8EDD-A91DFD8DADE2}.Debug|x64.Build.0 = Debug|Any CPU
		{B42A3F75-8076-421B-8EDD-A91DFD8DADE2}.Debug|x86.ActiveCfg = Debug|Any CPU
		{B42A3F75-8076-421B-8EDD-A91DFD8DADE2}.Debug|x86.Build.0 = Debug|Any CPU
		{B42A3F75-8076-421B-8EDD-A91DFD8DADE2}.Release|Any CPU.ActiveCfg = Release|Any CPU
		{B42A3F75-8076-421B-8EDD-A91DFD8DADE2}.Release|Any CPU.Build.0 = Release|Any CPU
		{B42A3F75-8076-421B-8EDD-A91DFD8DADE2}.Release|x64.ActiveCfg = Release|Any CPU
		{B42A3F75-8076-421B-8EDD-A91DFD8DADE2}.Release|x64.Build.0 = Release|Any CPU
		{B42A3F75-8076-421B-8EDD-A91DFD8DADE2}.Release|x86.ActiveCfg = Release|Any CPU
		{B42A3F75-8076-421B-8EDD-A91DFD8DADE2}.Release|x86.Build.0 = Release|Any CPU
		{5FF91619-2B86-4BC2-BFEF-B29C350A1D61}.Debug|Any CPU.ActiveCfg = Debug|Any CPU
		{5FF91619-2B86-4BC2-BFEF-B29C350A1D61}.Debug|Any CPU.Build.0 = Debug|Any CPU
		{5FF91619-2B86-4BC2-BFEF-B29C350A1D61}.Debug|x64.ActiveCfg = Debug|Any CPU
		{5FF91619-2B86-4BC2-BFEF-B29C350A1D61}.Debug|x64.Build.0 = Debug|Any CPU
		{5FF91619-2B86-4BC2-BFEF-B29C350A1D61}.Debug|x86.ActiveCfg = Debug|Any CPU
		{5FF91619-2B86-4BC2-BFEF-B29C350A1D61}.Debug|x86.Build.0 = Debug|Any CPU
		{5FF91619-2B86-4BC2-BFEF-B29C350A1D61}.Release|Any CPU.ActiveCfg = Release|Any CPU
		{5FF91619-2B86-4BC2-BFEF-B29C350A1D61}.Release|Any CPU.Build.0 = Release|Any CPU
		{5FF91619-2B86-4BC2-BFEF-B29C350A1D61}.Release|x64.ActiveCfg = Release|Any CPU
		{5FF91619-2B86-4BC2-BFEF-B29C350A1D61}.Release|x64.Build.0 = Release|Any CPU
		{5FF91619-2B86-4BC2-BFEF-B29C350A1D61}.Release|x86.ActiveCfg = Release|Any CPU
		{5FF91619-2B86-4BC2-BFEF-B29C350A1D61}.Release|x86.Build.0 = Release|Any CPU
		{BD8E395A-3740-45F4-ABF2-C23A05DDA789}.Debug|Any CPU.ActiveCfg = Debug|Any CPU
		{BD8E395A-3740-45F4-ABF2-C23A05DDA789}.Debug|Any CPU.Build.0 = Debug|Any CPU
		{BD8E395A-3740-45F4-ABF2-C23A05DDA789}.Debug|x64.ActiveCfg = Debug|Any CPU
		{BD8E395A-3740-45F4-ABF2-C23A05DDA789}.Debug|x64.Build.0 = Debug|Any CPU
		{BD8E395A-3740-45F4-ABF2-C23A05DDA789}.Debug|x86.ActiveCfg = Debug|Any CPU
		{BD8E395A-3740-45F4-ABF2-C23A05DDA789}.Debug|x86.Build.0 = Debug|Any CPU
		{BD8E395A-3740-45F4-ABF2-C23A05DDA789}.Release|Any CPU.ActiveCfg = Release|Any CPU
		{BD8E395A-3740-45F4-ABF2-C23A05DDA789}.Release|Any CPU.Build.0 = Release|Any CPU
		{BD8E395A-3740-45F4-ABF2-C23A05DDA789}.Release|x64.ActiveCfg = Release|Any CPU
		{BD8E395A-3740-45F4-ABF2-C23A05DDA789}.Release|x64.Build.0 = Release|Any CPU
		{BD8E395A-3740-45F4-ABF2-C23A05DDA789}.Release|x86.ActiveCfg = Release|Any CPU
		{BD8E395A-3740-45F4-ABF2-C23A05DDA789}.Release|x86.Build.0 = Release|Any CPU
		{8B7C1652-BD75-4B92-8C55-1CA380F68DAA}.Debug|Any CPU.ActiveCfg = Debug|Any CPU
		{8B7C1652-BD75-4B92-8C55-1CA380F68DAA}.Debug|Any CPU.Build.0 = Debug|Any CPU
		{8B7C1652-BD75-4B92-8C55-1CA380F68DAA}.Debug|x64.ActiveCfg = Debug|Any CPU
		{8B7C1652-BD75-4B92-8C55-1CA380F68DAA}.Debug|x64.Build.0 = Debug|Any CPU
		{8B7C1652-BD75-4B92-8C55-1CA380F68DAA}.Debug|x86.ActiveCfg = Debug|Any CPU
		{8B7C1652-BD75-4B92-8C55-1CA380F68DAA}.Debug|x86.Build.0 = Debug|Any CPU
		{8B7C1652-BD75-4B92-8C55-1CA380F68DAA}.Release|Any CPU.ActiveCfg = Release|Any CPU
		{8B7C1652-BD75-4B92-8C55-1CA380F68DAA}.Release|Any CPU.Build.0 = Release|Any CPU
		{8B7C1652-BD75-4B92-8C55-1CA380F68DAA}.Release|x64.ActiveCfg = Release|Any CPU
		{8B7C1652-BD75-4B92-8C55-1CA380F68DAA}.Release|x64.Build.0 = Release|Any CPU
		{8B7C1652-BD75-4B92-8C55-1CA380F68DAA}.Release|x86.ActiveCfg = Release|Any CPU
		{8B7C1652-BD75-4B92-8C55-1CA380F68DAA}.Release|x86.Build.0 = Release|Any CPU
	EndGlobalSection
	GlobalSection(SolutionProperties) = preSolution
		HideSolutionNode = FALSE
	EndGlobalSection
EndGlobal
