
Microsoft Visual Studio Solution File, Format Version 12.00
# Visual Studio Version 17
VisualStudioVersion = 17.0.31903.59
MinimumVisualStudioVersion = 10.0.40219.1
Project("{FAE04EC0-301F-11D3-BF4B-00C04F79EFBC}") = "Proje1", "Proje1\Proje1.csproj", "{FE5228B4-4368-42AF-942A-99FE197F41CA}"
EndProject
Project("{FAE04EC0-301F-11D3-BF4B-00C04F79EFBC}") = "Proje2", "Proje2\Proje2.csproj", "{0BF177D6-5921-4897-B904-08A01F8701FF}"
EndProject
Global
	GlobalSection(SolutionConfigurationPlatforms) = preSolution
		Debug|Any CPU = Debug|Any CPU
		Debug|x64 = Debug|x64
		Debug|x86 = Debug|x86
		Release|Any CPU = Release|Any CPU
		Release|x64 = Release|x64
		Release|x86 = Release|x86
	EndGlobalSection
	GlobalSection(ProjectConfigurationPlatforms) = postSolution
		{FE5228B4-4368-42AF-942A-99FE197F41CA}.Debug|Any CPU.ActiveCfg = Debug|Any CPU
		{FE5228B4-4368-42AF-942A-99FE197F41CA}.Debug|Any CPU.Build.0 = Debug|Any CPU
		{FE5228B4-4368-42AF-942A-99FE197F41CA}.Debug|x64.ActiveCfg = Debug|Any CPU
		{FE5228B4-4368-42AF-942A-99FE197F41CA}.Debug|x64.Build.0 = Debug|Any CPU
		{FE5228B4-4368-42AF-942A-99FE197F41CA}.Debug|x86.ActiveCfg = Debug|Any CPU
		{FE5228B4-4368-42AF-942A-99FE197F41CA}.Debug|x86.Build.0 = Debug|Any CPU
		{FE5228B4-4368-42AF-942A-99FE197F41CA}.Release|Any CPU.ActiveCfg = Release|Any CPU
		{FE5228B4-4368-42AF-942A-99FE197F41CA}.Release|Any CPU.Build.0 = Release|Any CPU
		{FE5228B4-4368-42AF-942A-99FE197F41CA}.Release|x64.ActiveCfg = Release|Any CPU
		{FE5228B4-4368-42AF-942A-99FE197F41CA}.Release|x64.Build.0 = Release|Any CPU
		{FE5228B4-4368-42AF-942A-99FE197F41CA}.Release|x86.ActiveCfg = Release|Any CPU
		{FE5228B4-4368-42AF-942A-99FE197F41CA}.Release|x86.Build.0 = Release|Any CPU
		{0BF177D6-5921-4897-B904-08A01F8701FF}.Debug|Any CPU.ActiveCfg = Debug|Any CPU
		{0BF177D6-5921-4897-B904-08A01F8701FF}.Debug|Any CPU.Build.0 = Debug|Any CPU
		{0BF177D6-5921-4897-B904-08A01F8701FF}.Debug|x64.ActiveCfg = Debug|Any CPU
		{0BF177D6-5921-4897-B904-08A01F8701FF}.Debug|x64.Build.0 = Debug|Any CPU
		{0BF177D6-5921-4897-B904-08A01F8701FF}.Debug|x86.ActiveCfg = Debug|Any CPU
		{0BF177D6-5921-4897-B904-08A01F8701FF}.Debug|x86.Build.0 = Debug|Any CPU
		{0BF177D6-5921-4897-B904-08A01F8701FF}.Release|Any CPU.ActiveCfg = Release|Any CPU
		{0BF177D6-5921-4897-B904-08A01F8701FF}.Release|Any CPU.Build.0 = Release|Any CPU
		{0BF177D6-5921-4897-B904-08A01F8701FF}.Release|x64.ActiveCfg = Release|Any CPU
		{0BF177D6-5921-4897-B904-08A01F8701FF}.Release|x64.Build.0 = Release|Any CPU
		{0BF177D6-5921-4897-B904-08A01F8701FF}.Release|x86.ActiveCfg = Release|Any CPU
		{0BF177D6-5921-4897-B904-08A01F8701FF}.Release|x86.Build.0 = Release|Any CPU
	EndGlobalSection
	GlobalSection(SolutionProperties) = preSolution
		HideSolutionNode = FALSE
	EndGlobalSection
EndGlobal
